
Microsoft Visual Studio Solution File, Format Version 12.00
# Visual Studio Version 16
VisualStudioVersion = 16.0.33214.272
MinimumVisualStudioVersion = 10.0.40219.1
Project("{FAE04EC0-301F-11D3-BF4B-00C04F79EFBC}") = "Project2Mission8-S3G6", "Project2Mission8-S3G6.csproj", "{025E2F6B-BFF2-443A-8016-01243C1AF077}"
EndProject
Global
	GlobalSection(SolutionConfigurationPlatforms) = preSolution
		Debug|Any CPU = Debug|Any CPU
		Release|Any CPU = Release|Any CPU
	EndGlobalSection
	GlobalSection(ProjectConfigurationPlatforms) = postSolution
		{025E2F6B-BFF2-443A-8016-01243C1AF077}.Debug|Any CPU.ActiveCfg = Debug|Any CPU
		{025E2F6B-BFF2-443A-8016-01243C1AF077}.Debug|Any CPU.Build.0 = Debug|Any CPU
		{025E2F6B-BFF2-443A-8016-01243C1AF077}.Release|Any CPU.ActiveCfg = Release|Any CPU
		{025E2F6B-BFF2-443A-8016-01243C1AF077}.Release|Any CPU.Build.0 = Release|Any CPU
	EndGlobalSection
	GlobalSection(SolutionProperties) = preSolution
		HideSolutionNode = FALSE
	EndGlobalSection
	GlobalSection(ExtensibilityGlobals) = postSolution
		SolutionGuid = {3E8A6A87-382A-4336-93DA-030F6CA1BE1C}
	EndGlobalSection
EndGlobal
